
Microsoft Visual Studio Solution File, Format Version 12.00
# Visual Studio 15
VisualStudioVersion = 15.0.27703.2018
MinimumVisualStudioVersion = 10.0.40219.1
Project("{FAE04EC0-301F-11D3-BF4B-00C04F79EFBC}") = "Assignment 2", "Assignment 2\Assignment 2.csproj", "{FCDD7F3B-98EE-4C77-B959-42E005BE7DE3}"
EndProject
Global
	GlobalSection(SolutionConfigurationPlatforms) = preSolution
		Debug|Any CPU = Debug|Any CPU
		Release|Any CPU = Release|Any CPU
	EndGlobalSection
	GlobalSection(ProjectConfigurationPlatforms) = postSolution
		{FCDD7F3B-98EE-4C77-B959-42E005BE7DE3}.Debug|Any CPU.ActiveCfg = Debug|Any CPU
		{FCDD7F3B-98EE-4C77-B959-42E005BE7DE3}.Debug|Any CPU.Build.0 = Debug|Any CPU
		{FCDD7F3B-98EE-4C77-B959-42E005BE7DE3}.Release|Any CPU.ActiveCfg = Release|Any CPU
		{FCDD7F3B-98EE-4C77-B959-42E005BE7DE3}.Release|Any CPU.Build.0 = Release|Any CPU
	EndGlobalSection
	GlobalSection(SolutionProperties) = preSolution
		HideSolutionNode = FALSE
	EndGlobalSection
	GlobalSection(ExtensibilityGlobals) = postSolution
		SolutionGuid = {DC9F03CC-75C7-4B67-9F11-88591F1F272D}
	EndGlobalSection
EndGlobal
